
Microsoft Visual Studio Solution File, Format Version 12.00
# Visual Studio Version 17
VisualStudioVersion = 17.4.33110.190
MinimumVisualStudioVersion = 10.0.40219.1
Project("{FAE04EC0-301F-11D3-BF4B-00C04F79EFBC}") = "IntensivoTreinamento", "IntensivoTreinamento\IntensivoTreinamento.csproj", "{9E7B9908-44E7-41BF-8FCA-8A57AAD24E0A}"
EndProject
Global
	GlobalSection(SolutionConfigurationPlatforms) = preSolution
		Debug|Any CPU = Debug|Any CPU
		Release|Any CPU = Release|Any CPU
	EndGlobalSection
	GlobalSection(ProjectConfigurationPlatforms) = postSolution
		{9E7B9908-44E7-41BF-8FCA-8A57AAD24E0A}.Debug|Any CPU.ActiveCfg = Debug|Any CPU
		{9E7B9908-44E7-41BF-8FCA-8A57AAD24E0A}.Debug|Any CPU.Build.0 = Debug|Any CPU
		{9E7B9908-44E7-41BF-8FCA-8A57AAD24E0A}.Release|Any CPU.ActiveCfg = Release|Any CPU
		{9E7B9908-44E7-41BF-8FCA-8A57AAD24E0A}.Release|Any CPU.Build.0 = Release|Any CPU
	EndGlobalSection
	GlobalSection(SolutionProperties) = preSolution
		HideSolutionNode = FALSE
	EndGlobalSection
	GlobalSection(ExtensibilityGlobals) = postSolution
		SolutionGuid = {F755FD18-A852-4D2B-9838-B687BE5A76DD}
	EndGlobalSection
EndGlobal
